// !$*UTF8*$!
{
	archiveVersion = 1;
	classes = {
	};
	objectVersion = 50;
	objects = {

/* Begin PBXBuildFile section */
		7B1C1B1F21C1A2C900F5F9CF /* NNSPrototype.cpp in Sources */ = {isa = PBXBuildFile; fileRef = 7B1C1B1D21C1A2C900F5F9CF /* NNSPrototype.cpp */; };
		AA849DDF21B1B14E00542DBB /* main.cpp in Sources */ = {isa = PBXBuildFile; fileRef = AA849DDE21B1B14E00542DBB /* main.cpp */; };
		AA849DEA21B1B6E300542DBB /* refImage.cpp in Sources */ = {isa = PBXBuildFile; fileRef = AA849DE821B1B6E300542DBB /* refImage.cpp */; };
		AA849DED21B1B6F300542DBB /* largeImage.cpp in Sources */ = {isa = PBXBuildFile; fileRef = AA849DEB21B1B6F300542DBB /* largeImage.cpp */; };
		AA849DF021B1B70000542DBB /* matrix.cpp in Sources */ = {isa = PBXBuildFile; fileRef = AA849DEE21B1B70000542DBB /* matrix.cpp */; };
		AA849DF321B1B79B00542DBB /* baseImage.cpp in Sources */ = {isa = PBXBuildFile; fileRef = AA849DF121B1B79B00542DBB /* baseImage.cpp */; };
/* End PBXBuildFile section */

/* Begin PBXCopyFilesBuildPhase section */
		AA849DD921B1B14E00542DBB /* CopyFiles */ = {
			isa = PBXCopyFilesBuildPhase;
			buildActionMask = 2147483647;
			dstPath = /usr/share/man/man1/;
			dstSubfolderSpec = 0;
			files = (
			);
			runOnlyForDeploymentPostprocessing = 1;
		};
/* End PBXCopyFilesBuildPhase section */

/* Begin PBXFileReference section */
		7B1C1B1D21C1A2C900F5F9CF /* NNSPrototype.cpp */ = {isa = PBXFileReference; lastKnownFileType = sourcecode.cpp.cpp; path = NNSPrototype.cpp; sourceTree = "<group>"; };
		7B1C1B1E21C1A2C900F5F9CF /* NNSPrototype.hpp */ = {isa = PBXFileReference; lastKnownFileType = sourcecode.cpp.h; path = NNSPrototype.hpp; sourceTree = "<group>"; };
		7B700E2C21B5CBD70059BE9F /* Wally_grey.txt */ = {isa = PBXFileReference; lastKnownFileType = text; name = Wally_grey.txt; path = "../../Assessment Files/Wally_grey.txt"; sourceTree = "<group>"; };
		AA849DDB21B1B14E00542DBB /* WhereTheFuckWally */ = {isa = PBXFileReference; explicitFileType = "compiled.mach-o.executable"; includeInIndex = 0; path = WhereTheFuckWally; sourceTree = BUILT_PRODUCTS_DIR; };
		AA849DDE21B1B14E00542DBB /* main.cpp */ = {isa = PBXFileReference; lastKnownFileType = sourcecode.cpp.cpp; path = main.cpp; sourceTree = "<group>"; };
		AA849DE821B1B6E300542DBB /* refImage.cpp */ = {isa = PBXFileReference; lastKnownFileType = sourcecode.cpp.cpp; path = refImage.cpp; sourceTree = "<group>"; };
		AA849DE921B1B6E300542DBB /* refImage.hpp */ = {isa = PBXFileReference; lastKnownFileType = sourcecode.cpp.h; path = refImage.hpp; sourceTree = "<group>"; };
		AA849DEB21B1B6F300542DBB /* largeImage.cpp */ = {isa = PBXFileReference; lastKnownFileType = sourcecode.cpp.cpp; path = largeImage.cpp; sourceTree = "<group>"; };
		AA849DEC21B1B6F300542DBB /* largeImage.hpp */ = {isa = PBXFileReference; lastKnownFileType = sourcecode.cpp.h; path = largeImage.hpp; sourceTree = "<group>"; };
		AA849DEE21B1B70000542DBB /* matrix.cpp */ = {isa = PBXFileReference; lastKnownFileType = sourcecode.cpp.cpp; path = matrix.cpp; sourceTree = "<group>"; };
		AA849DEF21B1B70000542DBB /* matrix.hpp */ = {isa = PBXFileReference; lastKnownFileType = sourcecode.cpp.h; path = matrix.hpp; sourceTree = "<group>"; };
		AA849DF121B1B79B00542DBB /* baseImage.cpp */ = {isa = PBXFileReference; lastKnownFileType = sourcecode.cpp.cpp; path = baseImage.cpp; sourceTree = "<group>"; };
		AA849DF221B1B79B00542DBB /* baseImage.hpp */ = {isa = PBXFileReference; lastKnownFileType = sourcecode.cpp.h; path = baseImage.hpp; sourceTree = "<group>"; };
		AA849DF721B1CD7400542DBB /* Cluttered_scene.txt */ = {isa = PBXFileReference; lastKnownFileType = text; name = Cluttered_scene.txt; path = ../Cluttered_scene.txt; sourceTree = "<group>"; };
/* End PBXFileReference section */

/* Begin PBXFrameworksBuildPhase section */
		AA849DD821B1B14E00542DBB /* Frameworks */ = {
			isa = PBXFrameworksBuildPhase;
			buildActionMask = 2147483647;
			files = (
			);
			runOnlyForDeploymentPostprocessing = 0;
		};
/* End PBXFrameworksBuildPhase section */

/* Begin PBXGroup section */
		AA849DD221B1B14E00542DBB = {
			isa = PBXGroup;
			children = (
				AA849DF421B1C44000542DBB /* Text Files */,
				AA849DDD21B1B14E00542DBB /* WhereTheFuckWally */,
				AA849DDC21B1B14E00542DBB /* Products */,
			);
			sourceTree = "<group>";
		};
		AA849DDC21B1B14E00542DBB /* Products */ = {
			isa = PBXGroup;
			children = (
				AA849DDB21B1B14E00542DBB /* WhereTheFuckWally */,
			);
			name = Products;
			sourceTree = "<group>";
		};
		AA849DDD21B1B14E00542DBB /* WhereTheFuckWally */ = {
			isa = PBXGroup;
			children = (
				AA849DDE21B1B14E00542DBB /* main.cpp */,
				AA849DE821B1B6E300542DBB /* refImage.cpp */,
				AA849DE921B1B6E300542DBB /* refImage.hpp */,
				AA849DEB21B1B6F300542DBB /* largeImage.cpp */,
				AA849DEC21B1B6F300542DBB /* largeImage.hpp */,
				AA849DEE21B1B70000542DBB /* matrix.cpp */,
				AA849DEF21B1B70000542DBB /* matrix.hpp */,
				AA849DF121B1B79B00542DBB /* baseImage.cpp */,
				AA849DF221B1B79B00542DBB /* baseImage.hpp */,
				AA849DF721B1CD7400542DBB /* Cluttered_scene.txt */,
				7B700E2C21B5CBD70059BE9F /* Wally_grey.txt */,
				7B1C1B1D21C1A2C900F5F9CF /* NNSPrototype.cpp */,
				7B1C1B1E21C1A2C900F5F9CF /* NNSPrototype.hpp */,
			);
			path = WhereTheFuckWally;
			sourceTree = "<group>";
		};
		AA849DF421B1C44000542DBB /* Text Files */ = {
			isa = PBXGroup;
			children = (
			);
			path = "Text Files";
			sourceTree = "<group>";
		};
/* End PBXGroup section */

/* Begin PBXNativeTarget section */
		AA849DDA21B1B14E00542DBB /* WhereTheFuckWally */ = {
			isa = PBXNativeTarget;
			buildConfigurationList = AA849DE221B1B14E00542DBB /* Build configuration list for PBXNativeTarget "WhereTheFuckWally" */;
			buildPhases = (
				AA849DD721B1B14E00542DBB /* Sources */,
				AA849DD821B1B14E00542DBB /* Frameworks */,
				AA849DD921B1B14E00542DBB /* CopyFiles */,
			);
			buildRules = (
			);
			dependencies = (
			);
			name = WhereTheFuckWally;
			productName = WhereTheFuckWally;
			productReference = AA849DDB21B1B14E00542DBB /* WhereTheFuckWally */;
			productType = "com.apple.product-type.tool";
		};
/* End PBXNativeTarget section */

/* Begin PBXProject section */
		AA849DD321B1B14E00542DBB /* Project object */ = {
			isa = PBXProject;
			attributes = {
				LastUpgradeCheck = 1010;
				ORGANIZATIONNAME = "Ethan Richardson";
				TargetAttributes = {
					AA849DDA21B1B14E00542DBB = {
						CreatedOnToolsVersion = 10.1;
					};
				};
			};
			buildConfigurationList = AA849DD621B1B14E00542DBB /* Build configuration list for PBXProject "WhereTheFuckWally" */;
			compatibilityVersion = "Xcode 9.3";
			developmentRegion = en;
			hasScannedForEncodings = 0;
			knownRegions = (
				en,
			);
			mainGroup = AA849DD221B1B14E00542DBB;
			productRefGroup = AA849DDC21B1B14E00542DBB /* Products */;
			projectDirPath = "";
			projectRoot = "";
			targets = (
				AA849DDA21B1B14E00542DBB /* WhereTheFuckWally */,
			);
		};
/* End PBXProject section */

/* Begin PBXSourcesBuildPhase section */
		AA849DD721B1B14E00542DBB /* Sources */ = {
			isa = PBXSourcesBuildPhase;
			buildActionMask = 2147483647;
			files = (
				AA849DF021B1B70000542DBB /* matrix.cpp in Sources */,
				AA849DF321B1B79B00542DBB /* baseImage.cpp in Sources */,
				AA849DED21B1B6F300542DBB /* largeImage.cpp in Sources */,
				7B1C1B1F21C1A2C900F5F9CF /* NNSPrototype.cpp in Sources */,
				AA849DEA21B1B6E300542DBB /* refImage.cpp in Sources */,
				AA849DDF21B1B14E00542DBB /* main.cpp in Sources */,
			);
			runOnlyForDeploymentPostprocessing = 0;
		};
/* End PBXSourcesBuildPhase section */

/* Begin XCBuildConfiguration section */
		AA849DE021B1B14E00542DBB /* Debug */ = {
			isa = XCBuildConfiguration;
			buildSettings = {
				ALWAYS_SEARCH_USER_PATHS = NO;
				CLANG_ANALYZER_NONNULL = YES;
				CLANG_ANALYZER_NUMBER_OBJECT_CONVERSION = YES_AGGRESSIVE;
				CLANG_CXX_LANGUAGE_STANDARD = "gnu++14";
				CLANG_CXX_LIBRARY = "libc++";
				CLANG_ENABLE_MODULES = YES;
				CLANG_ENABLE_OBJC_ARC = YES;
				CLANG_ENABLE_OBJC_WEAK = YES;
				CLANG_WARN_BLOCK_CAPTURE_AUTORELEASING = YES;
				CLANG_WARN_BOOL_CONVERSION = YES;
				CLANG_WARN_COMMA = YES;
				CLANG_WARN_CONSTANT_CONVERSION = YES;
				CLANG_WARN_DEPRECATED_OBJC_IMPLEMENTATIONS = YES;
				CLANG_WARN_DIRECT_OBJC_ISA_USAGE = YES_ERROR;
				CLANG_WARN_DOCUMENTATION_COMMENTS = YES;
				CLANG_WARN_EMPTY_BODY = YES;
				CLANG_WARN_ENUM_CONVERSION = YES;
				CLANG_WARN_INFINITE_RECURSION = YES;
				CLANG_WARN_INT_CONVERSION = YES;
				CLANG_WARN_NON_LITERAL_NULL_CONVERSION = YES;
				CLANG_WARN_OBJC_IMPLICIT_RETAIN_SELF = YES;
				CLANG_WARN_OBJC_LITERAL_CONVERSION = YES;
				CLANG_WARN_OBJC_ROOT_CLASS = YES_ERROR;
				CLANG_WARN_RANGE_LOOP_ANALYSIS = YES;
				CLANG_WARN_STRICT_PROTOTYPES = YES;
				CLANG_WARN_SUSPICIOUS_MOVE = YES;
				CLANG_WARN_UNGUARDED_AVAILABILITY = YES_AGGRESSIVE;
				CLANG_WARN_UNREACHABLE_CODE = YES;
				CLANG_WARN__DUPLICATE_METHOD_MATCH = YES;
				CODE_SIGN_IDENTITY = "-";
				COPY_PHASE_STRIP = NO;
				DEBUG_INFORMATION_FORMAT = dwarf;
				ENABLE_STRICT_OBJC_MSGSEND = YES;
				ENABLE_TESTABILITY = YES;
				GCC_C_LANGUAGE_STANDARD = gnu11;
				GCC_DYNAMIC_NO_PIC = NO;
				GCC_NO_COMMON_BLOCKS = YES;
				GCC_OPTIMIZATION_LEVEL = 0;
				GCC_PREPROCESSOR_DEFINITIONS = (
					"DEBUG=1",
					"$(inherited)",
				);
				GCC_WARN_64_TO_32_BIT_CONVERSION = YES;
				GCC_WARN_ABOUT_RETURN_TYPE = YES_ERROR;
				GCC_WARN_UNDECLARED_SELECTOR = YES;
				GCC_WARN_UNINITIALIZED_AUTOS = YES_AGGRESSIVE;
				GCC_WARN_UNUSED_FUNCTION = YES;
				GCC_WARN_UNUSED_VARIABLE = YES;
				MACOSX_DEPLOYMENT_TARGET = 10.13;
				MTL_ENABLE_DEBUG_INFO = INCLUDE_SOURCE;
				MTL_FAST_MATH = YES;
				ONLY_ACTIVE_ARCH = YES;
				SDKROOT = macosx;
			};
			name = Debug;
		};
		AA849DE121B1B14E00542DBB /* Release */ = {
			isa = XCBuildConfiguration;
			buildSettings = {
				ALWAYS_SEARCH_USER_PATHS = NO;
				CLANG_ANALYZER_NONNULL = YES;
				CLANG_ANALYZER_NUMBER_OBJECT_CONVERSION = YES_AGGRESSIVE;
				CLANG_CXX_LANGUAGE_STANDARD = "gnu++14";
				CLANG_CXX_LIBRARY = "libc++";
				CLANG_ENABLE_MODULES = YES;
				CLANG_ENABLE_OBJC_ARC = YES;
				CLANG_ENABLE_OBJC_WEAK = YES;
				CLANG_WARN_BLOCK_CAPTURE_AUTORELEASING = YES;
				CLANG_WARN_BOOL_CONVERSION = YES;
				CLANG_WARN_COMMA = YES;
				CLANG_WARN_CONSTANT_CONVERSION = YES;
				CLANG_WARN_DEPRECATED_OBJC_IMPLEMENTATIONS = YES;
				CLANG_WARN_DIRECT_OBJC_ISA_USAGE = YES_ERROR;
				CLANG_WARN_DOCUMENTATION_COMMENTS = YES;
				CLANG_WARN_EMPTY_BODY = YES;
				CLANG_WARN_ENUM_CONVERSION = YES;
				CLANG_WARN_INFINITE_RECURSION = YES;
				CLANG_WARN_INT_CONVERSION = YES;
				CLANG_WARN_NON_LITERAL_NULL_CONVERSION = YES;
				CLANG_WARN_OBJC_IMPLICIT_RETAIN_SELF = YES;
				CLANG_WARN_OBJC_LITERAL_CONVERSION = YES;
				CLANG_WARN_OBJC_ROOT_CLASS = YES_ERROR;
				CLANG_WARN_RANGE_LOOP_ANALYSIS = YES;
				CLANG_WARN_STRICT_PROTOTYPES = YES;
				CLANG_WARN_SUSPICIOUS_MOVE = YES;
				CLANG_WARN_UNGUARDED_AVAILABILITY = YES_AGGRESSIVE;
				CLANG_WARN_UNREACHABLE_CODE = YES;
				CLANG_WARN__DUPLICATE_METHOD_MATCH = YES;
				CODE_SIGN_IDENTITY = "-";
				COPY_PHASE_STRIP = NO;
				DEBUG_INFORMATION_FORMAT = "dwarf-with-dsym";
				ENABLE_NS_ASSERTIONS = NO;
				ENABLE_STRICT_OBJC_MSGSEND = YES;
				GCC_C_LANGUAGE_STANDARD = gnu11;
				GCC_NO_COMMON_BLOCKS = YES;
				GCC_WARN_64_TO_32_BIT_CONVERSION = YES;
				GCC_WARN_ABOUT_RETURN_TYPE = YES_ERROR;
				GCC_WARN_UNDECLARED_SELECTOR = YES;
				GCC_WARN_UNINITIALIZED_AUTOS = YES_AGGRESSIVE;
				GCC_WARN_UNUSED_FUNCTION = YES;
				GCC_WARN_UNUSED_VARIABLE = YES;
				MACOSX_DEPLOYMENT_TARGET = 10.13;
				MTL_ENABLE_DEBUG_INFO = NO;
				MTL_FAST_MATH = YES;
				SDKROOT = macosx;
			};
			name = Release;
		};
		AA849DE321B1B14E00542DBB /* Debug */ = {
			isa = XCBuildConfiguration;
			buildSettings = {
				CODE_SIGN_STYLE = Automatic;
				PRODUCT_NAME = "$(TARGET_NAME)";
			};
			name = Debug;
		};
		AA849DE421B1B14E00542DBB /* Release */ = {
			isa = XCBuildConfiguration;
			buildSettings = {
				CODE_SIGN_STYLE = Automatic;
				PRODUCT_NAME = "$(TARGET_NAME)";
			};
			name = Release;
		};
/* End XCBuildConfiguration section */

/* Begin XCConfigurationList section */
		AA849DD621B1B14E00542DBB /* Build configuration list for PBXProject "WhereTheFuckWally" */ = {
			isa = XCConfigurationList;
			buildConfigurations = (
				AA849DE021B1B14E00542DBB /* Debug */,
				AA849DE121B1B14E00542DBB /* Release */,
			);
			defaultConfigurationIsVisible = 0;
			defaultConfigurationName = Release;
		};
		AA849DE221B1B14E00542DBB /* Build configuration list for PBXNativeTarget "WhereTheFuckWally" */ = {
			isa = XCConfigurationList;
			buildConfigurations = (
				AA849DE321B1B14E00542DBB /* Debug */,
				AA849DE421B1B14E00542DBB /* Release */,
			);
			defaultConfigurationIsVisible = 0;
			defaultConfigurationName = Release;
		};
/* End XCConfigurationList section */
	};
	rootObject = AA849DD321B1B14E00542DBB /* Project object */;
}
